
Microsoft Visual Studio Solution File, Format Version 9.00
# Visual Studio 2005
Project("{FAE04EC0-301F-11D3-BF4B-00C04F79EFBC}") = "WindowsApplication1", "WindowsApplication1\WindowsApplication1.csproj", "{CE586D15-758B-4B2C-AF24-B48C42943C65}"
EndProject
Global
	GlobalSection(SolutionConfigurationPlatforms) = preSolution
		Debug|Any CPU = Debug|Any CPU
		Release|Any CPU = Release|Any CPU
	EndGlobalSection
	GlobalSection(ProjectConfigurationPlatforms) = postSolution
		{CE586D15-758B-4B2C-AF24-B48C42943C65}.Debug|Any CPU.ActiveCfg = Debug|Any CPU
		{CE586D15-758B-4B2C-AF24-B48C42943C65}.Debug|Any CPU.Build.0 = Debug|Any CPU
		{CE586D15-758B-4B2C-AF24-B48C42943C65}.Release|Any CPU.ActiveCfg = Release|Any CPU
		{CE586D15-758B-4B2C-AF24-B48C42943C65}.Release|Any CPU.Build.0 = Release|Any CPU
	EndGlobalSection
	GlobalSection(SolutionProperties) = preSolution
		HideSolutionNode = FALSE
	EndGlobalSection
EndGlobal
